{
  "lockfile-version": 1,
  "manifest": {
    "schema-version": "1.17.0",
    "install": {
      "claude-code": {
        "pkg-path": "claude-code",
        "pkg-group": "claude-code",
        "version": "^2.1.280"
      },
      "codex": {
        "pkg-path": "codex",
        "pkg-group": "codex",
        "version": "0.156.1"
      },
      "infer": {
        "flake": "github:inference-gateway/cli/v0.208.2"
      }
    },
    "options": {}
  },
  "packages": [
    {
      "attr_path": "claude-code",
      "broken": false,
      "derivation": "/nix/store/z8bkx9m5mrs0ia1qpqy211wn77jq2bwv-claude-code-2.1.280.drv",
      "description": "Agentic coding tool that lives in your terminal, understands your codebase, and helps you code faster",
      "install_id": "claude-code",
      "license": "Unfree",
      "locked_url": "https://github.com/flox/nixpkgs?rev=e94cb152ed51bd6e24eb4a41f1460252beb52cd2",
      "name": "claude-code-2.1.280",
      "pname": "claude-code",
      "rev": "e94cb152ed51bd6e24eb4a41f1460252beb52cd2",
      "rev_count": 1079315,
      "rev_date": "2026-09-25T08:03:29Z",
      "scrape_date": "2026-09-26T04:58:19.902340Z",
      "stabilities": [
        "unstable"
      ],
      "unfree": true,
      "version": "2.1.280",
      "outputs_to_install": [
        "out"
      ],
      "outputs": {
        "out": "/nix/store/w780qfwkbljhq7qdildn3312nff9xd9i-claude-code-2.1.280"
      },
      "system": "aarch64-darwin",
      "group": "claude-code",
      "priority": 5
    },
    {
      "attr_path": "claude-code",
      "broken": false,
      "derivation": "/nix/store/mjpzydwxzw4fckh4jfgvy19jzbg7ijbh-claude-code-2.1.280.drv",
      "description": "Agentic coding tool that lives in your terminal, understands your codebase, and helps you code faster",
      "install_id": "claude-code",
      "license": "Unfree",
      "locked_url": "https://github.com/flox/nixpkgs?rev=e94cb152ed51bd6e24eb4a41f1460252beb52cd2",
      "name": "claude-code-2.1.280",
      "pname": "claude-code",
      "rev": "e94cb152ed51bd6e24eb4a41f1460252beb52cd2",
      "rev_count": 1079315,
      "rev_date": "2026-09-25T08:03:29Z",
      "scrape_date": "2026-09-26T05:29:38.422346Z",
      "stabilities": [
        "unstable"
      ],
      "unfree": true,
      "version": "2.1.280",
      "outputs_to_install": [
        "out"
      ],
      "outputs": {
        "out": "/nix/store/f110yz8jimsk0fk0r2az2bf0hzdk71wc-claude-code-2.1.280"
      },
      "system": "aarch64-linux",
      "group": "claude-code",
      "priority": 5
    },
    {
      "attr_path": "claude-code",
      "broken": false,
      "derivation": "/nix/store/7qwycvrd705kjy3pizis2pvirrbqndkf-claude-code-2.1.280.drv",
      "description": "Agentic coding tool that lives in your terminal, understands your codebase, and helps you code faster",
      "install_id": "claude-code",
      "license": "Unfree",
      "locked_url": "https://github.com/flox/nixpkgs?rev=e94cb152ed51bd6e24eb4a41f1460252beb52cd2",
      "name": "claude-code-2.1.280",
      "pname": "claude-code",
      "rev": "e94cb152ed51bd6e24eb4a41f1460252beb52cd2",
      "rev_count": 1079315,
      "rev_date": "2026-09-25T08:03:29Z",
      "scrape_date": "2026-09-26T06:05:30.175891Z",
      "stabilities": [
        "unstable"
      ],
      "unfree": true,
      "version": "2.1.280",
      "outputs_to_install": [
        "out"
      ],
      "outputs": {
        "out": "/nix/store/ybbqnyp5nlwsjl6ypi2rg2qgsiiw3k61-claude-code-2.1.280"
      },
      "system": "x86_64-linux",
      "group": "claude-code",
      "priority": 5
    },
    {
      "attr_path": "codex",
      "broken": false,
      "derivation": "/nix/store/396k9w876b16772s2d28m4759fgnsxmh-codex-0.156.1.drv",
      "description": "Lightweight coding agent that runs in your terminal",
      "install_id": "codex",
      "license": "Apache-2.0",
      "locked_url": "https://github.com/flox/nixpkgs?rev=e94cb152ed51bd6e24eb4a41f1460252beb52cd2",
      "name": "codex-0.156.1",
      "pname": "codex",
      "rev": "e94cb152ed51bd6e24eb4a41f1460252beb52cd2",
      "rev_count": 1079315,
      "rev_date": "2026-09-25T08:03:29Z",
      "scrape_date": "2026-09-26T04:58:19.947603Z",
      "stabilities": [
        "unstable"
      ],
      "unfree": false,
      "version": "0.156.1",
      "outputs_to_install": [
        "out"
      ],
      "outputs": {
        "out": "/nix/store/7csw8sp72dlbgf8hlpkx35rrwlb67363-codex-0.156.1"
      },
      "system": "aarch64-darwin",
      "group": "codex",
      "priority": 5
    },
    {
      "attr_path": "codex",
      "broken": false,
      "derivation": "/nix/store/l87dkz4wz2jmk42r5qz5p9pdwhsgcj9q-codex-0.156.1.drv",
      "description": "Lightweight coding agent that runs in your terminal",
      "install_id": "codex",
      "license": "Apache-2.0",
      "locked_url": "https://github.com/flox/nixpkgs?rev=e94cb152ed51bd6e24eb4a41f1460252beb52cd2",
      "name": "codex-0.156.1",
      "pname": "codex",
      "rev": "e94cb152ed51bd6e24eb4a41f1460252beb52cd2",
      "rev_count": 1079315,
      "rev_date": "2026-09-25T08:03:29Z",
      "scrape_date": "2026-09-26T05:29:38.481618Z",
      "stabilities": [
        "unstable"
      ],
      "unfree": false,
      "version": "0.156.1",
      "outputs_to_install": [
        "out"
      ],
      "outputs": {
        "out": "/nix/store/lzmk4yn90k6pkm89j8p3zmpgms5ywr9s-codex-0.156.1"
      },
      "system": "aarch64-linux",
      "group": "codex",
      "priority": 5
    },
    {
      "attr_path": "codex",
      "broken": false,
      "derivation": "/nix/store/1rxybg4gffmkw4pzzcmy8yhzccwfbn05-codex-0.156.1.drv",
      "description": "Lightweight coding agent that runs in your terminal",
      "install_id": "codex",
      "license": "Apache-2.0",
      "locked_url": "https://github.com/flox/nixpkgs?rev=e94cb152ed51bd6e24eb4a41f1460252beb52cd2",
      "name": "codex-0.156.1",
      "pname": "codex",
      "rev": "e94cb152ed51bd6e24eb4a41f1460252beb52cd2",
      "rev_count": 1079315,
      "rev_date": "2026-09-25T08:03:29Z",
      "scrape_date": "2026-09-26T06:05:30.240007Z",
      "stabilities": [
        "unstable"
      ],
      "unfree": false,
      "version": "0.156.1",
      "outputs_to_install": [
        "out"
      ],
      "outputs": {
        "out": "/nix/store/938cs7afvdcb8f5rqz8k1a950v4i6js4-codex-0.156.1"
      },
      "system": "x86_64-linux",
      "group": "codex",
      "priority": 5
    },
    {
      "install_id": "infer",
      "locked-url": "github:inference-gateway/cli/06b37e705d12f442f61e02ab629c948b6c2d33b2?narHash=sha256-j2LQDks6NxPgS6FQBc2vaqDxBk8I8F2URyzRqzoIcxg%3D",
      "flake-description": "Inference Gateway CLI - infer",
      "locked-flake-attr-path": "packages.aarch64-darwin.default",
      "derivation": "/nix/store/ihld4mh3bwfvm9kqym5crf3jsh4iq9r3-infer-0.208.2.drv",
      "outputs": {
        "out": "/nix/store/ixy0s5b64qnfmdwjhirhr9ddlgs8vbaq-infer-0.208.2"
      },
      "output-names": [
        "out"
      ],
      "outputs-to-install": [
        "out"
      ],
      "requested-outputs-to-install": [],
      "package-system": "aarch64-darwin",
      "system": "aarch64-darwin",
      "name": "infer-0.208.2",
      "pname": "infer",
      "version": "0.208.2",
      "description": "Command-line interface for the Inference Gateway - AI model interaction manager",
      "licenses": [
        "MIT"
      ],
      "broken": false,
      "unfree": false,
      "priority": 5
    },
    {
      "install_id": "infer",
      "locked-url": "github:inference-gateway/cli/06b37e705d12f442f61e02ab629c948b6c2d33b2?narHash=sha256-j2LQDks6NxPgS6FQBc2vaqDxBk8I8F2URyzRqzoIcxg%3D",
      "flake-description": "Inference Gateway CLI - infer",
      "locked-flake-attr-path": "packages.aarch64-linux.default",
      "derivation": "/nix/store/1izzkb66x62y452x1afl09bbj69v9qkn-infer-0.208.2.drv",
      "outputs": {
        "out": "/nix/store/v1x1m0yaj8zyhhgvywj1266kkpcsrx0g-infer-0.208.2"
      },
      "output-names": [
        "out"
      ],
      "outputs-to-install": [
        "out"
      ],
      "requested-outputs-to-install": [],
      "package-system": "aarch64-linux",
      "system": "aarch64-linux",
      "name": "infer-0.208.2",
      "pname": "infer",
      "version": "0.208.2",
      "description": "Command-line interface for the Inference Gateway - AI model interaction manager",
      "licenses": [
        "MIT"
      ],
      "broken": false,
      "unfree": false,
      "priority": 5
    },
    {
      "install_id": "infer",
      "locked-url": "github:inference-gateway/cli/06b37e705d12f442f61e02ab629c948b6c2d33b2?narHash=sha256-j2LQDks6NxPgS6FQBc2vaqDxBk8I8F2URyzRqzoIcxg%3D",
      "flake-description": "Inference Gateway CLI - infer",
      "locked-flake-attr-path": "packages.x86_64-linux.default",
      "derivation": "/nix/store/3aw4k4sz9vgdp6xcjwfrq2qm43zzfarh-infer-0.208.2.drv",
      "outputs": {
        "out": "/nix/store/ywbds408nljs3gb3mpbz2xn3fjxx5vmw-infer-0.208.2"
      },
      "output-names": [
        "out"
      ],
      "outputs-to-install": [
        "out"
      ],
      "requested-outputs-to-install": [],
      "package-system": "x86_64-linux",
      "system": "x86_64-linux",
      "name": "infer-0.208.2",
      "pname": "infer",
      "version": "0.208.2",
      "description": "Command-line interface for the Inference Gateway - AI model interaction manager",
      "licenses": [
        "MIT"
      ],
      "broken": false,
      "unfree": false,
      "priority": 5
    }
  ]
}
