{
  "lockfile-version": 1,
  "manifest": {
    "schema-version": "1.11.0",
    "install": {
      "claude-code": {
        "pkg-path": "claude-code",
        "version": "2.1.123"
      }
    },
    "options": {}
  },
  "packages": [
    {
      "attr_path": "claude-code",
      "broken": false,
      "derivation": "/nix/store/sqhbcwkh8s3qsrnjnk8sgwa9j3bgvp62-claude-code-2.1.123.drv",
      "description": "Agentic coding tool that lives in your terminal, understands your codebase, and helps you code faster",
      "install_id": "claude-code",
      "license": "Unfree",
      "locked_url": "https://github.com/flox/nixpkgs?rev=549bd84d6279f9852cae6225e372cc67fb91a4c1",
      "name": "claude-code-2.1.123",
      "pname": "claude-code",
      "rev": "549bd84d6279f9852cae6225e372cc67fb91a4c1",
      "rev_count": 992384,
      "rev_date": "2026-05-05T04:14:16Z",
      "scrape_date": "2026-05-06T08:07:15.637676Z",
      "stabilities": [
        "unstable"
      ],
      "unfree": true,
      "version": "2.1.123",
      "outputs_to_install": [
        "out"
      ],
      "outputs": {
        "out": "/nix/store/djgx1vfrnsi0wwb2jsazjmh3nsslz4y3-claude-code-2.1.123"
      },
      "system": "aarch64-darwin",
      "group": "toplevel",
      "priority": 5
    },
    {
      "attr_path": "claude-code",
      "broken": false,
      "derivation": "/nix/store/1d38qsp7gj47cvxcq76yqglcpyz14n0j-claude-code-2.1.123.drv",
      "description": "Agentic coding tool that lives in your terminal, understands your codebase, and helps you code faster",
      "install_id": "claude-code",
      "license": "Unfree",
      "locked_url": "https://github.com/flox/nixpkgs?rev=549bd84d6279f9852cae6225e372cc67fb91a4c1",
      "name": "claude-code-2.1.123",
      "pname": "claude-code",
      "rev": "549bd84d6279f9852cae6225e372cc67fb91a4c1",
      "rev_count": 992384,
      "rev_date": "2026-05-05T04:14:16Z",
      "scrape_date": "2026-05-06T08:43:44.633314Z",
      "stabilities": [
        "unstable"
      ],
      "unfree": true,
      "version": "2.1.123",
      "outputs_to_install": [
        "out"
      ],
      "outputs": {
        "out": "/nix/store/zpg2i7hz2aqxgv78ad7mm9lrc810ns5z-claude-code-2.1.123"
      },
      "system": "aarch64-linux",
      "group": "toplevel",
      "priority": 5
    },
    {
      "attr_path": "claude-code",
      "broken": false,
      "derivation": "/nix/store/ddvpvb2xpszgxkv4413754hm2s5l6l61-claude-code-2.1.123.drv",
      "description": "Agentic coding tool that lives in your terminal, understands your codebase, and helps you code faster",
      "install_id": "claude-code",
      "license": "Unfree",
      "locked_url": "https://github.com/flox/nixpkgs?rev=549bd84d6279f9852cae6225e372cc67fb91a4c1",
      "name": "claude-code-2.1.123",
      "pname": "claude-code",
      "rev": "549bd84d6279f9852cae6225e372cc67fb91a4c1",
      "rev_count": 992384,
      "rev_date": "2026-05-05T04:14:16Z",
      "scrape_date": "2026-05-06T09:16:09.572217Z",
      "stabilities": [
        "unstable"
      ],
      "unfree": true,
      "version": "2.1.123",
      "outputs_to_install": [
        "out"
      ],
      "outputs": {
        "out": "/nix/store/yk7ggq0wwmqjlg73dl351zzh24z4ls4i-claude-code-2.1.123"
      },
      "system": "x86_64-darwin",
      "group": "toplevel",
      "priority": 5
    },
    {
      "attr_path": "claude-code",
      "broken": false,
      "derivation": "/nix/store/r48prv7455khjkl6sj53wfy4kxl5rg61-claude-code-2.1.123.drv",
      "description": "Agentic coding tool that lives in your terminal, understands your codebase, and helps you code faster",
      "install_id": "claude-code",
      "license": "Unfree",
      "locked_url": "https://github.com/flox/nixpkgs?rev=549bd84d6279f9852cae6225e372cc67fb91a4c1",
      "name": "claude-code-2.1.123",
      "pname": "claude-code",
      "rev": "549bd84d6279f9852cae6225e372cc67fb91a4c1",
      "rev_count": 992384,
      "rev_date": "2026-05-05T04:14:16Z",
      "scrape_date": "2026-05-06T09:52:23.378414Z",
      "stabilities": [
        "unstable"
      ],
      "unfree": true,
      "version": "2.1.123",
      "outputs_to_install": [
        "out"
      ],
      "outputs": {
        "out": "/nix/store/bp04wf9h91a2rr9r8xc4n4r02y9zwkfx-claude-code-2.1.123"
      },
      "system": "x86_64-linux",
      "group": "toplevel",
      "priority": 5
    }
  ]
}
