{
  "lockfile-version": 1,
  "manifest": {
    "schema-version": "1.12.0",
    "install": {
      "claude-code": {
        "pkg-path": "claude-code",
        "pkg-group": "claude-code",
        "version": "^2.1.161"
      },
      "codex": {
        "pkg-path": "codex",
        "pkg-group": "codex",
        "version": "0.136.0"
      },
      "infer": {
        "flake": "github:inference-gateway/cli/v0.121.0"
      }
    },
    "options": {}
  },
  "packages": [
    {
      "attr_path": "claude-code",
      "broken": false,
      "derivation": "/nix/store/4758p7by4xdgsqap4ghigq0mwxzqxvqh-claude-code-2.1.161.drv",
      "description": "Agentic coding tool that lives in your terminal, understands your codebase, and helps you code faster",
      "install_id": "claude-code",
      "license": "Unfree",
      "locked_url": "https://github.com/flox/nixpkgs?rev=a799d3e3886da994fa307f817a6bc705ae538eeb",
      "name": "claude-code-2.1.161",
      "pname": "claude-code",
      "rev": "a799d3e3886da994fa307f817a6bc705ae538eeb",
      "rev_count": 1011622,
      "rev_date": "2026-06-06T12:30:50Z",
      "scrape_date": "2026-06-08T03:14:19.044046Z",
      "stabilities": [
        "unstable"
      ],
      "unfree": true,
      "version": "2.1.161",
      "outputs_to_install": [
        "out"
      ],
      "outputs": {
        "out": "/nix/store/i9sba4hvza65y8i9bsj9m300z28znay1-claude-code-2.1.161"
      },
      "system": "aarch64-darwin",
      "group": "claude-code",
      "priority": 5
    },
    {
      "attr_path": "claude-code",
      "broken": false,
      "derivation": "/nix/store/d9fk8q28kw044ni4vm8lp28qrz5hkia5-claude-code-2.1.161.drv",
      "description": "Agentic coding tool that lives in your terminal, understands your codebase, and helps you code faster",
      "install_id": "claude-code",
      "license": "Unfree",
      "locked_url": "https://github.com/flox/nixpkgs?rev=a799d3e3886da994fa307f817a6bc705ae538eeb",
      "name": "claude-code-2.1.161",
      "pname": "claude-code",
      "rev": "a799d3e3886da994fa307f817a6bc705ae538eeb",
      "rev_count": 1011622,
      "rev_date": "2026-06-06T12:30:50Z",
      "scrape_date": "2026-06-08T03:46:51.180700Z",
      "stabilities": [
        "unstable"
      ],
      "unfree": true,
      "version": "2.1.161",
      "outputs_to_install": [
        "out"
      ],
      "outputs": {
        "out": "/nix/store/0snj330dzl9g1ac9jlhyj97m92fhzysy-claude-code-2.1.161"
      },
      "system": "aarch64-linux",
      "group": "claude-code",
      "priority": 5
    },
    {
      "attr_path": "claude-code",
      "broken": false,
      "derivation": "/nix/store/ym8vcimq6zs08b261qjr5g0grzgxdhkk-claude-code-2.1.161.drv",
      "description": "Agentic coding tool that lives in your terminal, understands your codebase, and helps you code faster",
      "install_id": "claude-code",
      "license": "Unfree",
      "locked_url": "https://github.com/flox/nixpkgs?rev=a799d3e3886da994fa307f817a6bc705ae538eeb",
      "name": "claude-code-2.1.161",
      "pname": "claude-code",
      "rev": "a799d3e3886da994fa307f817a6bc705ae538eeb",
      "rev_count": 1011622,
      "rev_date": "2026-06-06T12:30:50Z",
      "scrape_date": "2026-06-08T04:17:43.796895Z",
      "stabilities": [
        "unstable"
      ],
      "unfree": true,
      "version": "2.1.161",
      "outputs_to_install": [
        "out"
      ],
      "outputs": {
        "out": "/nix/store/803c84sp6d6ypay1pxyqdd0fm832g8cz-claude-code-2.1.161"
      },
      "system": "x86_64-darwin",
      "group": "claude-code",
      "priority": 5
    },
    {
      "attr_path": "claude-code",
      "broken": false,
      "derivation": "/nix/store/8swi042jz88zqd56nj593i05ppvshf4n-claude-code-2.1.161.drv",
      "description": "Agentic coding tool that lives in your terminal, understands your codebase, and helps you code faster",
      "install_id": "claude-code",
      "license": "Unfree",
      "locked_url": "https://github.com/flox/nixpkgs?rev=a799d3e3886da994fa307f817a6bc705ae538eeb",
      "name": "claude-code-2.1.161",
      "pname": "claude-code",
      "rev": "a799d3e3886da994fa307f817a6bc705ae538eeb",
      "rev_count": 1011622,
      "rev_date": "2026-06-06T12:30:50Z",
      "scrape_date": "2026-06-08T04:53:14.811360Z",
      "stabilities": [
        "unstable"
      ],
      "unfree": true,
      "version": "2.1.161",
      "outputs_to_install": [
        "out"
      ],
      "outputs": {
        "out": "/nix/store/caanb1wd5cncm5z2abksqd3pid4bcizn-claude-code-2.1.161"
      },
      "system": "x86_64-linux",
      "group": "claude-code",
      "priority": 5
    },
    {
      "attr_path": "codex",
      "broken": false,
      "derivation": "/nix/store/6y6cq6pkmsdc6q941v96znijgdvn9dh5-codex-0.136.0.drv",
      "description": "Lightweight coding agent that runs in your terminal",
      "install_id": "codex",
      "license": "Apache-2.0",
      "locked_url": "https://github.com/flox/nixpkgs?rev=a799d3e3886da994fa307f817a6bc705ae538eeb",
      "name": "codex-0.136.0",
      "pname": "codex",
      "rev": "a799d3e3886da994fa307f817a6bc705ae538eeb",
      "rev_count": 1011622,
      "rev_date": "2026-06-06T12:30:50Z",
      "scrape_date": "2026-06-08T03:14:19.087718Z",
      "stabilities": [
        "unstable"
      ],
      "unfree": false,
      "version": "0.136.0",
      "outputs_to_install": [
        "out"
      ],
      "outputs": {
        "out": "/nix/store/gi00hgqa993glcxbbfs123mdwp65dad0-codex-0.136.0"
      },
      "system": "aarch64-darwin",
      "group": "codex",
      "priority": 5
    },
    {
      "attr_path": "codex",
      "broken": false,
      "derivation": "/nix/store/6zq8bqxxzw8hs7drd8mv8y7ly0s7x6ad-codex-0.136.0.drv",
      "description": "Lightweight coding agent that runs in your terminal",
      "install_id": "codex",
      "license": "Apache-2.0",
      "locked_url": "https://github.com/flox/nixpkgs?rev=a799d3e3886da994fa307f817a6bc705ae538eeb",
      "name": "codex-0.136.0",
      "pname": "codex",
      "rev": "a799d3e3886da994fa307f817a6bc705ae538eeb",
      "rev_count": 1011622,
      "rev_date": "2026-06-06T12:30:50Z",
      "scrape_date": "2026-06-08T03:46:51.238706Z",
      "stabilities": [
        "unstable"
      ],
      "unfree": false,
      "version": "0.136.0",
      "outputs_to_install": [
        "out"
      ],
      "outputs": {
        "out": "/nix/store/4w9p605m6g50s74z9ccb2x6z592mqp1a-codex-0.136.0"
      },
      "system": "aarch64-linux",
      "group": "codex",
      "priority": 5
    },
    {
      "attr_path": "codex",
      "broken": false,
      "derivation": "/nix/store/rnhw69kzbk0kw4da00ql5bb6gwbhr4y5-codex-0.136.0.drv",
      "description": "Lightweight coding agent that runs in your terminal",
      "install_id": "codex",
      "license": "Apache-2.0",
      "locked_url": "https://github.com/flox/nixpkgs?rev=a799d3e3886da994fa307f817a6bc705ae538eeb",
      "name": "codex-0.136.0",
      "pname": "codex",
      "rev": "a799d3e3886da994fa307f817a6bc705ae538eeb",
      "rev_count": 1011622,
      "rev_date": "2026-06-06T12:30:50Z",
      "scrape_date": "2026-06-08T04:17:43.843907Z",
      "stabilities": [
        "unstable"
      ],
      "unfree": false,
      "version": "0.136.0",
      "outputs_to_install": [
        "out"
      ],
      "outputs": {
        "out": "/nix/store/xrdxd9gxjf6byyaab5sxq3wk2gck4a6m-codex-0.136.0"
      },
      "system": "x86_64-darwin",
      "group": "codex",
      "priority": 5
    },
    {
      "attr_path": "codex",
      "broken": false,
      "derivation": "/nix/store/m65qyph8p4majc48df11v97qsagpxp86-codex-0.136.0.drv",
      "description": "Lightweight coding agent that runs in your terminal",
      "install_id": "codex",
      "license": "Apache-2.0",
      "locked_url": "https://github.com/flox/nixpkgs?rev=a799d3e3886da994fa307f817a6bc705ae538eeb",
      "name": "codex-0.136.0",
      "pname": "codex",
      "rev": "a799d3e3886da994fa307f817a6bc705ae538eeb",
      "rev_count": 1011622,
      "rev_date": "2026-06-06T12:30:50Z",
      "scrape_date": "2026-06-08T04:53:14.874509Z",
      "stabilities": [
        "unstable"
      ],
      "unfree": false,
      "version": "0.136.0",
      "outputs_to_install": [
        "out"
      ],
      "outputs": {
        "out": "/nix/store/ggqr3acq15chkhr11a93kf3ki04c4qq6-codex-0.136.0"
      },
      "system": "x86_64-linux",
      "group": "codex",
      "priority": 5
    },
    {
      "install_id": "infer",
      "locked-url": "github:inference-gateway/cli/81761aed9cf0c38a1db8fb531ef40a45f037d48c?narHash=sha256-z/weHqUvnWr/ko389SeFU7XzEQAiMcD4fgyeSZUO67o%3D",
      "flake-description": "Inference Gateway CLI - infer",
      "locked-flake-attr-path": "packages.aarch64-darwin.default",
      "derivation": "/nix/store/a3kc0csis9pqfamqhr3acb9nx0f4a1h4-infer-0.121.0.drv",
      "outputs": {
        "out": "/nix/store/iz58cqypnv22hxsq211bl5xy51lzxjln-infer-0.121.0"
      },
      "output-names": [
        "out"
      ],
      "outputs-to-install": [
        "out"
      ],
      "requested-outputs-to-install": [],
      "package-system": "aarch64-darwin",
      "system": "aarch64-darwin",
      "name": "infer-0.121.0",
      "pname": "infer",
      "version": "0.121.0",
      "description": "Command-line interface for the Inference Gateway - AI model interaction manager",
      "licenses": [
        "MIT"
      ],
      "broken": false,
      "unfree": false,
      "priority": 5
    },
    {
      "install_id": "infer",
      "locked-url": "github:inference-gateway/cli/81761aed9cf0c38a1db8fb531ef40a45f037d48c?narHash=sha256-z/weHqUvnWr/ko389SeFU7XzEQAiMcD4fgyeSZUO67o%3D",
      "flake-description": "Inference Gateway CLI - infer",
      "locked-flake-attr-path": "packages.aarch64-linux.default",
      "derivation": "/nix/store/l116syh03dj59cmi2fczj83dlv3fdwaw-infer-0.121.0.drv",
      "outputs": {
        "out": "/nix/store/db5cmx8qm51i69c04741b6y9gi6dy4rs-infer-0.121.0"
      },
      "output-names": [
        "out"
      ],
      "outputs-to-install": [
        "out"
      ],
      "requested-outputs-to-install": [],
      "package-system": "aarch64-linux",
      "system": "aarch64-linux",
      "name": "infer-0.121.0",
      "pname": "infer",
      "version": "0.121.0",
      "description": "Command-line interface for the Inference Gateway - AI model interaction manager",
      "licenses": [
        "MIT"
      ],
      "broken": false,
      "unfree": false,
      "priority": 5
    },
    {
      "install_id": "infer",
      "locked-url": "github:inference-gateway/cli/81761aed9cf0c38a1db8fb531ef40a45f037d48c?narHash=sha256-z/weHqUvnWr/ko389SeFU7XzEQAiMcD4fgyeSZUO67o%3D",
      "flake-description": "Inference Gateway CLI - infer",
      "locked-flake-attr-path": "packages.x86_64-darwin.default",
      "derivation": "/nix/store/8w2zwk9p6vbf1q9j19yxfx99ya1ss47v-infer-0.121.0.drv",
      "outputs": {
        "out": "/nix/store/j8hvvl1m92i3f7hf6daspgyr862xsjnc-infer-0.121.0"
      },
      "output-names": [
        "out"
      ],
      "outputs-to-install": [
        "out"
      ],
      "requested-outputs-to-install": [],
      "package-system": "x86_64-darwin",
      "system": "x86_64-darwin",
      "name": "infer-0.121.0",
      "pname": "infer",
      "version": "0.121.0",
      "description": "Command-line interface for the Inference Gateway - AI model interaction manager",
      "licenses": [
        "MIT"
      ],
      "broken": false,
      "unfree": false,
      "priority": 5
    },
    {
      "install_id": "infer",
      "locked-url": "github:inference-gateway/cli/81761aed9cf0c38a1db8fb531ef40a45f037d48c?narHash=sha256-z/weHqUvnWr/ko389SeFU7XzEQAiMcD4fgyeSZUO67o%3D",
      "flake-description": "Inference Gateway CLI - infer",
      "locked-flake-attr-path": "packages.x86_64-linux.default",
      "derivation": "/nix/store/12mnarjbd2rwkladqz75h6jhkic4w6sh-infer-0.121.0.drv",
      "outputs": {
        "out": "/nix/store/jj2ldsbz6zra45i479yacsq7aisk5wy1-infer-0.121.0"
      },
      "output-names": [
        "out"
      ],
      "outputs-to-install": [
        "out"
      ],
      "requested-outputs-to-install": [],
      "package-system": "x86_64-linux",
      "system": "x86_64-linux",
      "name": "infer-0.121.0",
      "pname": "infer",
      "version": "0.121.0",
      "description": "Command-line interface for the Inference Gateway - AI model interaction manager",
      "licenses": [
        "MIT"
      ],
      "broken": false,
      "unfree": false,
      "priority": 5
    }
  ]
}
